{
  "name": "api.artificialmuseum.com",
  "version": "0.0.1",
  "lockfileVersion": 3,
  "requires": true,
  "packages": {
    "": {
      "name": "api.artificialmuseum.com",
      "version": "0.0.1",
      "dependencies": {
        "@grundstein/commons": "github:grundstein/commons#http2"
      },
      "devDependencies": {
        "@grundstein/gas": "0.0.2",
        "@magic/format": "0.0.52"
      }
    },
    "node_modules/@grundstein/commons": {
      "version": "0.0.10",
      "resolved": "git+ssh://git@github.com/grundstein/commons.git#cc330468d5b3130140e8abb6ca3ef2e0f82350e7",
      "license": "AGPL-3.0",
      "dependencies": {
        "@magic/cli": "0.0.46",
        "@magic/error": "0.0.17",
        "@magic/fs": "0.0.28",
        "@magic/log": "0.1.18",
        "@magic/types": "0.1.23"
      },
      "engines": {
        "node": ">=14.14.0"
      }
    },
    "node_modules/@grundstein/file-store": {
      "version": "0.0.1-alpha.0",
      "resolved": "git+ssh://git@github.com/grundstein/file-store.git#e3a330221ee1fc85161bd8492eb87d55413d6c2c",
      "dev": true,
      "license": "AGPL-3.0",
      "dependencies": {
        "@grundstein/mem-store": "github:grundstein/mem-store",
        "@magic/error": "0.0.14",
        "@magic/fs": "0.0.25",
        "@magic/log": "0.1.15",
        "@magic/mime-types": "0.0.15",
        "@magic/types": "0.1.20"
      },
      "engines": {
        "node": ">=14.14.0"
      }
    },
    "node_modules/@grundstein/file-store/node_modules/@magic/deep": {
      "version": "0.1.13",
      "resolved": "https://registry.npmjs.org/@magic/deep/-/deep-0.1.13.tgz",
      "integrity": "sha512-qWgUIzE0059V/bjBB9fcWWYltUaTVRXQimGtuhnh7Yl9NDAx3wrjSH8/FEuaVXmObAPbTygdgIoH1prvnFckJQ==",
      "dev": true,
      "dependencies": {
        "@magic/types": "0.1.20"
      }
    },
    "node_modules/@grundstein/file-store/node_modules/@magic/error": {
      "version": "0.0.14",
      "resolved": "https://registry.npmjs.org/@magic/error/-/error-0.0.14.tgz",
      "integrity": "sha512-gK2HdGbNkSrgjIs459KrnFPQIMLwyo3G6n+mquw3bb6vgCu9bnuqGkTadZZNN2FlMBMT+LV2Wcd3AYIB+gorew==",
      "dev": true,
      "dependencies": {
        "@magic/types": "0.1.20"
      }
    },
    "node_modules/@grundstein/file-store/node_modules/@magic/fs": {
      "version": "0.0.25",
      "resolved": "https://registry.npmjs.org/@magic/fs/-/fs-0.0.25.tgz",
      "integrity": "sha512-fz6HQ8x3s+1plllGSxNNBW4vHACjkMpgqz/pCcDmdU4EeyZGBoUnhkxg1yvLwe1TKRlX5BakPMAMzvNE891IWQ==",
      "dev": true,
      "dependencies": {
        "@magic/deep": "0.1.13",
        "@magic/error": "0.0.14",
        "@magic/log": "0.1.15",
        "@magic/mime-types": "0.0.15",
        "@magic/types": "0.1.20"
      },
      "engines": {
        "node": ">=14.15.4"
      }
    },
    "node_modules/@grundstein/file-store/node_modules/@magic/log": {
      "version": "0.1.15",
      "resolved": "https://registry.npmjs.org/@magic/log/-/log-0.1.15.tgz",
      "integrity": "sha512-dAGHBOrnRdFWarcPBM+lmC1EvnZCzX4MyNFmypM73mu9vTk2EDlYLZcubz88OK9mx2EX6Ioyh0NPCUO98aUw8w==",
      "dev": true,
      "dependencies": {
        "@magic/types": "0.1.20"
      }
    },
    "node_modules/@grundstein/file-store/node_modules/@magic/types": {
      "version": "0.1.20",
      "resolved": "https://registry.npmjs.org/@magic/types/-/types-0.1.20.tgz",
      "integrity": "sha512-YmUHQBP9b7QoQhmwyBXp7qtbdV7DzNh4jH8ENMf7JoKuuPxbze9JEPF3m3B/x7Di5O49vxG4/lx+d72EY7Zv3g==",
      "dev": true,
      "engines": {
        "node": ">=14.15.4"
      }
    },
    "node_modules/@grundstein/gas": {
      "version": "0.0.2",
      "resolved": "https://registry.npmjs.org/@grundstein/gas/-/gas-0.0.2.tgz",
      "integrity": "sha512-JAa7aKPAhKWc27rbZBZDsZwg9SRVCywmHH6ChHTlBa45AkJTe8zU+QRZ1+mn+tInxDzVp5DtJEDGj9covSLooA==",
      "dev": true,
      "dependencies": {
        "@grundstein/commons": "0.0.9",
        "@grundstein/file-store": "github:grundstein/file-store"
      },
      "bin": {
        "gas": "src/bin.mjs",
        "grundstein-api-server": "src/bin.mjs"
      },
      "engines": {
        "node": ">=14.14.0"
      }
    },
    "node_modules/@grundstein/gas/node_modules/@grundstein/commons": {
      "version": "0.0.9",
      "resolved": "https://registry.npmjs.org/@grundstein/commons/-/commons-0.0.9.tgz",
      "integrity": "sha512-ThjdAbxrl7KW5A0kBSiKNdNV2HYHwuEeYhhTslmOEB8P3Gst0v3pBGpFv4QNWk/Bcdfbp6Cs5lDVUovg8iFPLQ==",
      "dev": true,
      "dependencies": {
        "@magic/cli": "0.0.41",
        "@magic/error": "0.0.14",
        "@magic/fs": "0.0.25",
        "@magic/log": "0.1.15",
        "@magic/types": "0.1.20"
      },
      "engines": {
        "node": ">=14.14.0"
      }
    },
    "node_modules/@grundstein/gas/node_modules/@magic/cases": {
      "version": "0.0.8",
      "resolved": "https://registry.npmjs.org/@magic/cases/-/cases-0.0.8.tgz",
      "integrity": "sha512-MFhFThRbR+LSZmvCMx6QCedDUYqtEuUF1BRxGv1hSVSPn6YpTJJ53GQOIpZKmvC9LbTRGxIvdsjM0Bk+CsVJyg==",
      "dev": true,
      "engines": {
        "node": ">=14.15.4"
      }
    },
    "node_modules/@grundstein/gas/node_modules/@magic/cli": {
      "version": "0.0.41",
      "resolved": "https://registry.npmjs.org/@magic/cli/-/cli-0.0.41.tgz",
      "integrity": "sha512-N0mMpCMrdFWlxuaDPQrlEPUakO6si2lb8aQNTKmDHeeOY9yxv+VRsxHdw9gLwlupQ7Ntok7+4RTgOIT1t8xLvQ==",
      "dev": true,
      "dependencies": {
        "@magic/cases": "0.0.8",
        "@magic/deep": "0.1.13",
        "@magic/error": "0.0.14",
        "@magic/log": "0.1.15",
        "@magic/types": "0.1.20"
      },
      "engines": {
        "node": ">=14.15.4"
      }
    },
    "node_modules/@grundstein/gas/node_modules/@magic/deep": {
      "version": "0.1.13",
      "resolved": "https://registry.npmjs.org/@magic/deep/-/deep-0.1.13.tgz",
      "integrity": "sha512-qWgUIzE0059V/bjBB9fcWWYltUaTVRXQimGtuhnh7Yl9NDAx3wrjSH8/FEuaVXmObAPbTygdgIoH1prvnFckJQ==",
      "dev": true,
      "dependencies": {
        "@magic/types": "0.1.20"
      }
    },
    "node_modules/@grundstein/gas/node_modules/@magic/error": {
      "version": "0.0.14",
      "resolved": "https://registry.npmjs.org/@magic/error/-/error-0.0.14.tgz",
      "integrity": "sha512-gK2HdGbNkSrgjIs459KrnFPQIMLwyo3G6n+mquw3bb6vgCu9bnuqGkTadZZNN2FlMBMT+LV2Wcd3AYIB+gorew==",
      "dev": true,
      "dependencies": {
        "@magic/types": "0.1.20"
      }
    },
    "node_modules/@grundstein/gas/node_modules/@magic/fs": {
      "version": "0.0.25",
      "resolved": "https://registry.npmjs.org/@magic/fs/-/fs-0.0.25.tgz",
      "integrity": "sha512-fz6HQ8x3s+1plllGSxNNBW4vHACjkMpgqz/pCcDmdU4EeyZGBoUnhkxg1yvLwe1TKRlX5BakPMAMzvNE891IWQ==",
      "dev": true,
      "dependencies": {
        "@magic/deep": "0.1.13",
        "@magic/error": "0.0.14",
        "@magic/log": "0.1.15",
        "@magic/mime-types": "0.0.15",
        "@magic/types": "0.1.20"
      },
      "engines": {
        "node": ">=14.15.4"
      }
    },
    "node_modules/@grundstein/gas/node_modules/@magic/log": {
      "version": "0.1.15",
      "resolved": "https://registry.npmjs.org/@magic/log/-/log-0.1.15.tgz",
      "integrity": "sha512-dAGHBOrnRdFWarcPBM+lmC1EvnZCzX4MyNFmypM73mu9vTk2EDlYLZcubz88OK9mx2EX6Ioyh0NPCUO98aUw8w==",
      "dev": true,
      "dependencies": {
        "@magic/types": "0.1.20"
      }
    },
    "node_modules/@grundstein/gas/node_modules/@magic/types": {
      "version": "0.1.20",
      "resolved": "https://registry.npmjs.org/@magic/types/-/types-0.1.20.tgz",
      "integrity": "sha512-YmUHQBP9b7QoQhmwyBXp7qtbdV7DzNh4jH8ENMf7JoKuuPxbze9JEPF3m3B/x7Di5O49vxG4/lx+d72EY7Zv3g==",
      "dev": true,
      "engines": {
        "node": ">=14.15.4"
      }
    },
    "node_modules/@grundstein/mem-store": {
      "version": "0.0.1-alpha.0",
      "resolved": "git+ssh://git@github.com/grundstein/mem-store.git#e1c89bf3bfff84141738e75a7706a528f1ca52dd",
      "dev": true,
      "license": "AGPL-3.0",
      "dependencies": {
        "@magic/error": "0.0.14",
        "@magic/types": "0.1.20"
      },
      "engines": {
        "node": ">=14.14.0"
      }
    },
    "node_modules/@grundstein/mem-store/node_modules/@magic/error": {
      "version": "0.0.14",
      "resolved": "https://registry.npmjs.org/@magic/error/-/error-0.0.14.tgz",
      "integrity": "sha512-gK2HdGbNkSrgjIs459KrnFPQIMLwyo3G6n+mquw3bb6vgCu9bnuqGkTadZZNN2FlMBMT+LV2Wcd3AYIB+gorew==",
      "dev": true,
      "dependencies": {
        "@magic/types": "0.1.20"
      }
    },
    "node_modules/@grundstein/mem-store/node_modules/@magic/types": {
      "version": "0.1.20",
      "resolved": "https://registry.npmjs.org/@magic/types/-/types-0.1.20.tgz",
      "integrity": "sha512-YmUHQBP9b7QoQhmwyBXp7qtbdV7DzNh4jH8ENMf7JoKuuPxbze9JEPF3m3B/x7Di5O49vxG4/lx+d72EY7Zv3g==",
      "dev": true,
      "engines": {
        "node": ">=14.15.4"
      }
    },
    "node_modules/@magic/cases": {
      "version": "0.0.9",
      "resolved": "https://registry.npmjs.org/@magic/cases/-/cases-0.0.9.tgz",
      "integrity": "sha512-TibN3VArMW6JBgnj8rKfiNtlVUCb+c5hlYYAoODkW92JxP0mlLwlePh9Emly43t8w9zesXbP1EciK3QZXAEiDg==",
      "engines": {
        "node": ">=14.15.4"
      }
    },
    "node_modules/@magic/cli": {
      "version": "0.0.46",
      "resolved": "https://registry.npmjs.org/@magic/cli/-/cli-0.0.46.tgz",
      "integrity": "sha512-wl43MuPduq6Bc0vtIIDnbe76hVrbxASzCV2ZgoxYwUkJDJOn6uOQdb4ih4wGAhT42OX2qpF/bDAqteM6iFl34Q==",
      "dependencies": {
        "@magic/cases": "0.0.9",
        "@magic/deep": "0.1.16",
        "@magic/error": "0.0.17",
        "@magic/log": "0.1.18",
        "@magic/types": "0.1.23"
      },
      "engines": {
        "node": ">=14.15.4"
      }
    },
    "node_modules/@magic/deep": {
      "version": "0.1.16",
      "resolved": "https://registry.npmjs.org/@magic/deep/-/deep-0.1.16.tgz",
      "integrity": "sha512-ZythITSAaq+FAJZC/6+t5yHPKPzGlsrkToP5DscvBvcR9wl/yUqsDdgkF1du4JLv8GFUSDnmeSW+XznxAbkh2g==",
      "dependencies": {
        "@magic/types": "0.1.23"
      }
    },
    "node_modules/@magic/error": {
      "version": "0.0.17",
      "resolved": "https://registry.npmjs.org/@magic/error/-/error-0.0.17.tgz",
      "integrity": "sha512-ZYb5hqjVvU4jg4W4/MzPxz6+HVRQLrnMKXUoOUCydi3sm2IaluShE3uYeNTHcM1KMRsn9kNfAds/q5IUReeygg==",
      "dependencies": {
        "@magic/types": "0.1.23"
      }
    },
    "node_modules/@magic/format": {
      "version": "0.0.52",
      "resolved": "https://registry.npmjs.org/@magic/format/-/format-0.0.52.tgz",
      "integrity": "sha512-ESdmAQeLc2M797Tw+/PcDUbg4gI46kSS5OONiKSjcGHiN5JAD5RFClOxPLXerADzHKgc3YSRkmGoD2CU+z5YJg==",
      "dev": true,
      "dependencies": {
        "@magic/cli": "0.0.46",
        "@magic/deep": "0.1.16",
        "@magic/fs": "0.0.28",
        "@magic/log": "0.1.18",
        "@magic/types": "0.1.23",
        "prettier": "3.0.1"
      },
      "bin": {
        "f": "src/bin.mjs",
        "format": "src/bin.mjs"
      },
      "engines": {
        "node": ">=14.15.4"
      },
      "peerDependencies": {
        "@prettier/plugin-haml": "0.1.0",
        "@prettier/plugin-lua": "0.0.3",
        "@prettier/plugin-php": "0.19.6",
        "@prettier/plugin-pug": "3.0.0",
        "@prettier/plugin-python": "0.0.1",
        "@prettier/plugin-ruby": "4.0.2",
        "@prettier/plugin-xml": "3.2.0",
        "@voltiso/prettier-plugin-toml": "0.3.3",
        "prettier-plugin-astro": "0.11.0",
        "prettier-plugin-java": "2.2.0",
        "prettier-plugin-svelte": "3.0.3"
      },
      "peerDependenciesMeta": {
        "@prettier/plugin-haml": {
          "optional": true
        },
        "@prettier/plugin-lua": {
          "optional": true
        },
        "@prettier/plugin-php": {
          "optional": true
        },
        "@prettier/plugin-pug": {
          "optional": true
        },
        "@prettier/plugin-python": {
          "optional": true
        },
        "@prettier/plugin-ruby": {
          "optional": true
        },
        "@prettier/plugin-xml": {
          "optional": true
        },
        "@voltiso/prettier-plugin-toml": {
          "optional": true
        },
        "prettier-plugin-astro": {
          "optional": true
        },
        "prettier-plugin-java": {
          "optional": true
        },
        "prettier-plugin-svelte": {
          "optional": true
        }
      }
    },
    "node_modules/@magic/fs": {
      "version": "0.0.28",
      "resolved": "https://registry.npmjs.org/@magic/fs/-/fs-0.0.28.tgz",
      "integrity": "sha512-TM3W7SaTGZpZL74RCy9WjAAAuep0qApDXfQRK8slECwhf7Cmj2AlUXxq6hXp8J18vL1jndkfp2xrpm5CqY656Q==",
      "dependencies": {
        "@magic/deep": "0.1.16",
        "@magic/error": "0.0.17",
        "@magic/log": "0.1.18",
        "@magic/mime-types": "0.0.18",
        "@magic/types": "0.1.23"
      },
      "engines": {
        "node": ">=14.15.4"
      }
    },
    "node_modules/@magic/fs/node_modules/@magic/mime-types": {
      "version": "0.0.18",
      "resolved": "https://registry.npmjs.org/@magic/mime-types/-/mime-types-0.0.18.tgz",
      "integrity": "sha512-W7lucmk0JM+wvjnXE1p/yTDdh/tENsvs2uUlV9CCOur8PBfY+t/Nvlyn0UnPScGVHf7ASyA8IuMmshC77//n3Q==",
      "engines": {
        "node": ">=14.15.4"
      }
    },
    "node_modules/@magic/log": {
      "version": "0.1.18",
      "resolved": "https://registry.npmjs.org/@magic/log/-/log-0.1.18.tgz",
      "integrity": "sha512-DgqxaeV5YoynspFSWI/5w5ATNVMmIGG+ApeY+7gtddgyGhIBAXFmM6EoOlotxCQZuOu016tIpsE39TMnznJfQw==",
      "dependencies": {
        "@magic/types": "0.1.23"
      }
    },
    "node_modules/@magic/mime-types": {
      "version": "0.0.15",
      "resolved": "https://registry.npmjs.org/@magic/mime-types/-/mime-types-0.0.15.tgz",
      "integrity": "sha512-dslsSNKZQkV6rbQKH7U6dtxxoxbZckbJZ61qpuQdEL3YdDvalKXwYZ49MzgiH3tQSYPmmSsezqXTIDKlvCCKXA==",
      "dev": true,
      "engines": {
        "node": ">=14.15.4"
      }
    },
    "node_modules/@magic/types": {
      "version": "0.1.23",
      "resolved": "https://registry.npmjs.org/@magic/types/-/types-0.1.23.tgz",
      "integrity": "sha512-Jjfi8gfmEwySqxp3miqiJw7AbEuYz2XcjJtLpUQZeP8IuWFTAvHuhqk/xs3uA1Bu+K3ct7yB5Esog9jE+W+JZg==",
      "engines": {
        "node": ">=14.15.4"
      }
    },
    "node_modules/prettier": {
      "version": "3.0.1",
      "resolved": "https://registry.npmjs.org/prettier/-/prettier-3.0.1.tgz",
      "integrity": "sha512-fcOWSnnpCrovBsmFZIGIy9UqK2FaI7Hqax+DIO0A9UxeVoY4iweyaFjS5TavZN97Hfehph0nhsZnjlVKzEQSrQ==",
      "dev": true,
      "bin": {
        "prettier": "bin/prettier.cjs"
      },
      "engines": {
        "node": ">=14"
      },
      "funding": {
        "url": "https://github.com/prettier/prettier?sponsor=1"
      }
    }
  }
}
