{
  "name": "api.artificialmuseum.com",
  "version": "0.0.1",
  "lockfileVersion": 2,
  "requires": true,
  "packages": {
    "": {
      "name": "api.artificialmuseum.com",
      "version": "0.0.1",
      "dependencies": {
        "@grundstein/commons": "^0.0.10",
        "@grundstein/gas": "0.0.2"
      },
      "devDependencies": {
        "@magic/format": "0.0.43"
      }
    },
    "node_modules/@grundstein/commons": {
      "version": "0.0.10",
      "resolved": "https://registry.npmjs.org/@grundstein/commons/-/commons-0.0.10.tgz",
      "integrity": "sha512-YcOPFkpvO7haDD3fBijYdANqzGzngDTrCHreb//N8Smt43qyVRN768VYF/OviIvKZRWg7yBqW/r6hy08Erc5ZQ==",
      "dependencies": {
        "@magic/cli": "0.0.42",
        "@magic/error": "0.0.15",
        "@magic/fs": "0.0.26",
        "@magic/log": "0.1.16",
        "@magic/types": "0.1.21"
      },
      "engines": {
        "node": ">=14.14.0"
      }
    },
    "node_modules/@grundstein/file-store": {
      "version": "0.0.1-alpha.0",
      "resolved": "git+ssh://git@github.com/grundstein/file-store.git#e3a330221ee1fc85161bd8492eb87d55413d6c2c",
      "license": "AGPL-3.0",
      "dependencies": {
        "@grundstein/mem-store": "github:grundstein/mem-store",
        "@magic/error": "0.0.14",
        "@magic/fs": "0.0.25",
        "@magic/log": "0.1.15",
        "@magic/mime-types": "0.0.15",
        "@magic/types": "0.1.20"
      },
      "engines": {
        "node": ">=14.14.0"
      }
    },
    "node_modules/@grundstein/file-store/node_modules/@magic/deep": {
      "version": "0.1.13",
      "resolved": "https://registry.npmjs.org/@magic/deep/-/deep-0.1.13.tgz",
      "integrity": "sha512-qWgUIzE0059V/bjBB9fcWWYltUaTVRXQimGtuhnh7Yl9NDAx3wrjSH8/FEuaVXmObAPbTygdgIoH1prvnFckJQ==",
      "dependencies": {
        "@magic/types": "0.1.20"
      }
    },
    "node_modules/@grundstein/file-store/node_modules/@magic/error": {
      "version": "0.0.14",
      "resolved": "https://registry.npmjs.org/@magic/error/-/error-0.0.14.tgz",
      "integrity": "sha512-gK2HdGbNkSrgjIs459KrnFPQIMLwyo3G6n+mquw3bb6vgCu9bnuqGkTadZZNN2FlMBMT+LV2Wcd3AYIB+gorew==",
      "dependencies": {
        "@magic/types": "0.1.20"
      }
    },
    "node_modules/@grundstein/file-store/node_modules/@magic/fs": {
      "version": "0.0.25",
      "resolved": "https://registry.npmjs.org/@magic/fs/-/fs-0.0.25.tgz",
      "integrity": "sha512-fz6HQ8x3s+1plllGSxNNBW4vHACjkMpgqz/pCcDmdU4EeyZGBoUnhkxg1yvLwe1TKRlX5BakPMAMzvNE891IWQ==",
      "dependencies": {
        "@magic/deep": "0.1.13",
        "@magic/error": "0.0.14",
        "@magic/log": "0.1.15",
        "@magic/mime-types": "0.0.15",
        "@magic/types": "0.1.20"
      },
      "engines": {
        "node": ">=14.15.4"
      }
    },
    "node_modules/@grundstein/file-store/node_modules/@magic/log": {
      "version": "0.1.15",
      "resolved": "https://registry.npmjs.org/@magic/log/-/log-0.1.15.tgz",
      "integrity": "sha512-dAGHBOrnRdFWarcPBM+lmC1EvnZCzX4MyNFmypM73mu9vTk2EDlYLZcubz88OK9mx2EX6Ioyh0NPCUO98aUw8w==",
      "dependencies": {
        "@magic/types": "0.1.20"
      }
    },
    "node_modules/@grundstein/file-store/node_modules/@magic/types": {
      "version": "0.1.20",
      "resolved": "https://registry.npmjs.org/@magic/types/-/types-0.1.20.tgz",
      "integrity": "sha512-YmUHQBP9b7QoQhmwyBXp7qtbdV7DzNh4jH8ENMf7JoKuuPxbze9JEPF3m3B/x7Di5O49vxG4/lx+d72EY7Zv3g==",
      "engines": {
        "node": ">=14.15.4"
      }
    },
    "node_modules/@grundstein/gas": {
      "version": "0.0.2",
      "resolved": "https://registry.npmjs.org/@grundstein/gas/-/gas-0.0.2.tgz",
      "integrity": "sha512-JAa7aKPAhKWc27rbZBZDsZwg9SRVCywmHH6ChHTlBa45AkJTe8zU+QRZ1+mn+tInxDzVp5DtJEDGj9covSLooA==",
      "dependencies": {
        "@grundstein/commons": "0.0.9",
        "@grundstein/file-store": "github:grundstein/file-store"
      },
      "bin": {
        "gas": "src/bin.mjs",
        "grundstein-api-server": "src/bin.mjs"
      },
      "engines": {
        "node": ">=14.14.0"
      }
    },
    "node_modules/@grundstein/gas/node_modules/@grundstein/commons": {
      "version": "0.0.9",
      "resolved": "https://registry.npmjs.org/@grundstein/commons/-/commons-0.0.9.tgz",
      "integrity": "sha512-ThjdAbxrl7KW5A0kBSiKNdNV2HYHwuEeYhhTslmOEB8P3Gst0v3pBGpFv4QNWk/Bcdfbp6Cs5lDVUovg8iFPLQ==",
      "dependencies": {
        "@magic/cli": "0.0.41",
        "@magic/error": "0.0.14",
        "@magic/fs": "0.0.25",
        "@magic/log": "0.1.15",
        "@magic/types": "0.1.20"
      },
      "engines": {
        "node": ">=14.14.0"
      }
    },
    "node_modules/@grundstein/gas/node_modules/@magic/cli": {
      "version": "0.0.41",
      "resolved": "https://registry.npmjs.org/@magic/cli/-/cli-0.0.41.tgz",
      "integrity": "sha512-N0mMpCMrdFWlxuaDPQrlEPUakO6si2lb8aQNTKmDHeeOY9yxv+VRsxHdw9gLwlupQ7Ntok7+4RTgOIT1t8xLvQ==",
      "dependencies": {
        "@magic/cases": "0.0.8",
        "@magic/deep": "0.1.13",
        "@magic/error": "0.0.14",
        "@magic/log": "0.1.15",
        "@magic/types": "0.1.20"
      },
      "engines": {
        "node": ">=14.15.4"
      }
    },
    "node_modules/@grundstein/gas/node_modules/@magic/deep": {
      "version": "0.1.13",
      "resolved": "https://registry.npmjs.org/@magic/deep/-/deep-0.1.13.tgz",
      "integrity": "sha512-qWgUIzE0059V/bjBB9fcWWYltUaTVRXQimGtuhnh7Yl9NDAx3wrjSH8/FEuaVXmObAPbTygdgIoH1prvnFckJQ==",
      "dependencies": {
        "@magic/types": "0.1.20"
      }
    },
    "node_modules/@grundstein/gas/node_modules/@magic/error": {
      "version": "0.0.14",
      "resolved": "https://registry.npmjs.org/@magic/error/-/error-0.0.14.tgz",
      "integrity": "sha512-gK2HdGbNkSrgjIs459KrnFPQIMLwyo3G6n+mquw3bb6vgCu9bnuqGkTadZZNN2FlMBMT+LV2Wcd3AYIB+gorew==",
      "dependencies": {
        "@magic/types": "0.1.20"
      }
    },
    "node_modules/@grundstein/gas/node_modules/@magic/fs": {
      "version": "0.0.25",
      "resolved": "https://registry.npmjs.org/@magic/fs/-/fs-0.0.25.tgz",
      "integrity": "sha512-fz6HQ8x3s+1plllGSxNNBW4vHACjkMpgqz/pCcDmdU4EeyZGBoUnhkxg1yvLwe1TKRlX5BakPMAMzvNE891IWQ==",
      "dependencies": {
        "@magic/deep": "0.1.13",
        "@magic/error": "0.0.14",
        "@magic/log": "0.1.15",
        "@magic/mime-types": "0.0.15",
        "@magic/types": "0.1.20"
      },
      "engines": {
        "node": ">=14.15.4"
      }
    },
    "node_modules/@grundstein/gas/node_modules/@magic/log": {
      "version": "0.1.15",
      "resolved": "https://registry.npmjs.org/@magic/log/-/log-0.1.15.tgz",
      "integrity": "sha512-dAGHBOrnRdFWarcPBM+lmC1EvnZCzX4MyNFmypM73mu9vTk2EDlYLZcubz88OK9mx2EX6Ioyh0NPCUO98aUw8w==",
      "dependencies": {
        "@magic/types": "0.1.20"
      }
    },
    "node_modules/@grundstein/gas/node_modules/@magic/types": {
      "version": "0.1.20",
      "resolved": "https://registry.npmjs.org/@magic/types/-/types-0.1.20.tgz",
      "integrity": "sha512-YmUHQBP9b7QoQhmwyBXp7qtbdV7DzNh4jH8ENMf7JoKuuPxbze9JEPF3m3B/x7Di5O49vxG4/lx+d72EY7Zv3g==",
      "engines": {
        "node": ">=14.15.4"
      }
    },
    "node_modules/@grundstein/mem-store": {
      "version": "0.0.1-alpha.0",
      "resolved": "git+ssh://git@github.com/grundstein/mem-store.git#e1c89bf3bfff84141738e75a7706a528f1ca52dd",
      "license": "AGPL-3.0",
      "dependencies": {
        "@magic/error": "0.0.14",
        "@magic/types": "0.1.20"
      },
      "engines": {
        "node": ">=14.14.0"
      }
    },
    "node_modules/@grundstein/mem-store/node_modules/@magic/error": {
      "version": "0.0.14",
      "resolved": "https://registry.npmjs.org/@magic/error/-/error-0.0.14.tgz",
      "integrity": "sha512-gK2HdGbNkSrgjIs459KrnFPQIMLwyo3G6n+mquw3bb6vgCu9bnuqGkTadZZNN2FlMBMT+LV2Wcd3AYIB+gorew==",
      "dependencies": {
        "@magic/types": "0.1.20"
      }
    },
    "node_modules/@grundstein/mem-store/node_modules/@magic/types": {
      "version": "0.1.20",
      "resolved": "https://registry.npmjs.org/@magic/types/-/types-0.1.20.tgz",
      "integrity": "sha512-YmUHQBP9b7QoQhmwyBXp7qtbdV7DzNh4jH8ENMf7JoKuuPxbze9JEPF3m3B/x7Di5O49vxG4/lx+d72EY7Zv3g==",
      "engines": {
        "node": ">=14.15.4"
      }
    },
    "node_modules/@magic/cases": {
      "version": "0.0.8",
      "resolved": "https://registry.npmjs.org/@magic/cases/-/cases-0.0.8.tgz",
      "integrity": "sha512-MFhFThRbR+LSZmvCMx6QCedDUYqtEuUF1BRxGv1hSVSPn6YpTJJ53GQOIpZKmvC9LbTRGxIvdsjM0Bk+CsVJyg==",
      "engines": {
        "node": ">=14.15.4"
      }
    },
    "node_modules/@magic/cli": {
      "version": "0.0.42",
      "resolved": "https://registry.npmjs.org/@magic/cli/-/cli-0.0.42.tgz",
      "integrity": "sha512-iztUe521IpauY2F2Fr8oKuWKL03Vz7p9yOdetY0xDTOKNAxNZYbq4oVHkhrTZ7KXJS9QgVo9GScAlqHOjozR9w==",
      "dependencies": {
        "@magic/cases": "0.0.8",
        "@magic/deep": "0.1.14",
        "@magic/error": "0.0.15",
        "@magic/log": "0.1.16",
        "@magic/types": "0.1.21"
      },
      "engines": {
        "node": ">=14.15.4"
      }
    },
    "node_modules/@magic/deep": {
      "version": "0.1.14",
      "resolved": "https://registry.npmjs.org/@magic/deep/-/deep-0.1.14.tgz",
      "integrity": "sha512-pYptInUUn7Bx0wbZ9EFhqyrCVydN/PUZqh5oM7usl7DzmjPoJ4RJ9ZuTIZ/5zrS+J15QvdU3RT9WvpveAwWdeg==",
      "dependencies": {
        "@magic/types": "0.1.21"
      }
    },
    "node_modules/@magic/error": {
      "version": "0.0.15",
      "resolved": "https://registry.npmjs.org/@magic/error/-/error-0.0.15.tgz",
      "integrity": "sha512-+Ccu0p+uXLJOcea2ZJuM7NHBQSSq+QV1FMb5wlu3DUEsf1EmdX2a0ts6iYdU2F/2RoNkMXKgIchUZ7/BbLvPvQ==",
      "dependencies": {
        "@magic/types": "0.1.21"
      }
    },
    "node_modules/@magic/format": {
      "version": "0.0.43",
      "resolved": "https://registry.npmjs.org/@magic/format/-/format-0.0.43.tgz",
      "integrity": "sha512-4rvT046IalU9iMSTHKHPbGTlB0FV2Mwjk9YU0OjdbvWCMHHfOLFWWDpmVfK1D756vIN/o0nz121kCFjX5yZKbQ==",
      "dev": true,
      "dependencies": {
        "@magic/cli": "0.0.43",
        "@magic/deep": "0.1.15",
        "@magic/fs": "0.0.27",
        "@magic/log": "0.1.17",
        "@magic/types": "0.1.22",
        "prettier": "2.7.1"
      },
      "bin": {
        "f": "src/bin.mjs",
        "format": "src/bin.mjs"
      },
      "engines": {
        "node": ">=14.15.4"
      }
    },
    "node_modules/@magic/format/node_modules/@magic/cli": {
      "version": "0.0.43",
      "resolved": "https://registry.npmjs.org/@magic/cli/-/cli-0.0.43.tgz",
      "integrity": "sha512-ZsFPSEWopGGPJkEONi5CchMepy2138dTde1Jtkvokiy89P1wsCT4qRybbTHSHDZMBqQhKYJjdFEloDxgQM+Hww==",
      "dev": true,
      "dependencies": {
        "@magic/cases": "0.0.8",
        "@magic/deep": "0.1.15",
        "@magic/error": "0.0.16",
        "@magic/log": "0.1.17",
        "@magic/types": "0.1.22"
      },
      "engines": {
        "node": ">=14.15.4"
      }
    },
    "node_modules/@magic/format/node_modules/@magic/deep": {
      "version": "0.1.15",
      "resolved": "https://registry.npmjs.org/@magic/deep/-/deep-0.1.15.tgz",
      "integrity": "sha512-M70xpxVPqAzuY0y59YywG7prxuY6PSFJKMi2WLUXVEKYf9osRFqIoztf5va1piFxe1vdethIFyQ/Njv70gN4NQ==",
      "dev": true,
      "dependencies": {
        "@magic/types": "0.1.22"
      }
    },
    "node_modules/@magic/format/node_modules/@magic/error": {
      "version": "0.0.16",
      "resolved": "https://registry.npmjs.org/@magic/error/-/error-0.0.16.tgz",
      "integrity": "sha512-ruVai8iTt888jjPIvCZFqLp5UZ2ZCzu5bfM8Z9DvH1ja+tqfqBri929tMdmYwvV4MqibE+bKi4xbmt6vHWogAg==",
      "dev": true,
      "dependencies": {
        "@magic/types": "0.1.22"
      }
    },
    "node_modules/@magic/format/node_modules/@magic/fs": {
      "version": "0.0.27",
      "resolved": "https://registry.npmjs.org/@magic/fs/-/fs-0.0.27.tgz",
      "integrity": "sha512-EZtnJR5vu1x211RqJRRTpkoDnFv25VjPpT6N2ZDC308FsBuqPrpYWDctrzxWWZJOSjXFxYNy2bF+ztfYEn+zcw==",
      "dev": true,
      "dependencies": {
        "@magic/deep": "0.1.15",
        "@magic/error": "0.0.16",
        "@magic/log": "0.1.17",
        "@magic/mime-types": "0.0.17",
        "@magic/types": "0.1.22"
      },
      "engines": {
        "node": ">=14.15.4"
      }
    },
    "node_modules/@magic/format/node_modules/@magic/log": {
      "version": "0.1.17",
      "resolved": "https://registry.npmjs.org/@magic/log/-/log-0.1.17.tgz",
      "integrity": "sha512-ioStCVGefkz+Ze9cyXsyfkoB75iusu0D6uZNxL04o26d6SLi+tq7Lr/ANaFg1A5pL+lCAebDw2Ldjn5naJg/uw==",
      "dev": true,
      "dependencies": {
        "@magic/types": "0.1.22"
      }
    },
    "node_modules/@magic/format/node_modules/@magic/mime-types": {
      "version": "0.0.17",
      "resolved": "https://registry.npmjs.org/@magic/mime-types/-/mime-types-0.0.17.tgz",
      "integrity": "sha512-Vr0ZoBHFBlfhf3lrDz0nVRRinKv9iI7wWCEiODU8i8xUTBB/8SzfoqT3vuvHKm4fRsH/YE1AfnnR9CAACuRvLw==",
      "dev": true,
      "engines": {
        "node": ">=14.15.4"
      }
    },
    "node_modules/@magic/format/node_modules/@magic/types": {
      "version": "0.1.22",
      "resolved": "https://registry.npmjs.org/@magic/types/-/types-0.1.22.tgz",
      "integrity": "sha512-5jtRp+40j5D7+vSqXMQ81OTgTsY7gcKpp4+jOcgHLcMieXVTYi7SySfDmJKsVgSveUa46atGvchk/l7OqBr6BQ==",
      "dev": true,
      "engines": {
        "node": ">=14.15.4"
      }
    },
    "node_modules/@magic/fs": {
      "version": "0.0.26",
      "resolved": "https://registry.npmjs.org/@magic/fs/-/fs-0.0.26.tgz",
      "integrity": "sha512-WdmaKTSup9th3HqDSY/yw8IwOIr3fpON+aaXlAfC4dJ+oKnOVYcH88k7wDnMvqxTio/YrukxReqXzRA2/d3INg==",
      "dependencies": {
        "@magic/deep": "0.1.14",
        "@magic/error": "0.0.15",
        "@magic/log": "0.1.16",
        "@magic/mime-types": "0.0.16",
        "@magic/types": "0.1.21"
      },
      "engines": {
        "node": ">=14.15.4"
      }
    },
    "node_modules/@magic/fs/node_modules/@magic/mime-types": {
      "version": "0.0.16",
      "resolved": "https://registry.npmjs.org/@magic/mime-types/-/mime-types-0.0.16.tgz",
      "integrity": "sha512-VMtgprPw3emEq1AHd/seQeJhknPdiX04xh1Gcr0YQpNuqgRP+8nmblGS0bRbDFR8JvKqfQIp5wQ2M1IJugaYkA==",
      "engines": {
        "node": ">=14.15.4"
      }
    },
    "node_modules/@magic/log": {
      "version": "0.1.16",
      "resolved": "https://registry.npmjs.org/@magic/log/-/log-0.1.16.tgz",
      "integrity": "sha512-lrSiRZC4j83kGTznnHTJ7L4yJXkRgEJSKH6QWvnmipbFtEc2QWAlGTgKTUtu5oM4KnLK4v5BHwcWJdIvUH8scA==",
      "dependencies": {
        "@magic/types": "0.1.21"
      }
    },
    "node_modules/@magic/mime-types": {
      "version": "0.0.15",
      "resolved": "https://registry.npmjs.org/@magic/mime-types/-/mime-types-0.0.15.tgz",
      "integrity": "sha512-dslsSNKZQkV6rbQKH7U6dtxxoxbZckbJZ61qpuQdEL3YdDvalKXwYZ49MzgiH3tQSYPmmSsezqXTIDKlvCCKXA==",
      "engines": {
        "node": ">=14.15.4"
      }
    },
    "node_modules/@magic/types": {
      "version": "0.1.21",
      "resolved": "https://registry.npmjs.org/@magic/types/-/types-0.1.21.tgz",
      "integrity": "sha512-dlqv0ZtVKfTiy02HiY6t8KwNE5lwAyXNseS+ga9+aPsR4LM8TRM5Z6lnqvt3JDuPU0vGLJipkX+m1Kq2igAw3Q==",
      "engines": {
        "node": ">=14.15.4"
      }
    },
    "node_modules/prettier": {
      "version": "2.7.1",
      "resolved": "https://registry.npmjs.org/prettier/-/prettier-2.7.1.tgz",
      "integrity": "sha512-ujppO+MkdPqoVINuDFDRLClm7D78qbDt0/NR+wp5FqEZOoTNAjPHWj17QRhu7geIHJfcNhRk1XVQmF8Bp3ye+g==",
      "dev": true,
      "bin": {
        "prettier": "bin-prettier.js"
      },
      "engines": {
        "node": ">=10.13.0"
      },
      "funding": {
        "url": "https://github.com/prettier/prettier?sponsor=1"
      }
    }
  },
  "dependencies": {
    "@grundstein/commons": {
      "version": "0.0.10",
      "resolved": "https://registry.npmjs.org/@grundstein/commons/-/commons-0.0.10.tgz",
      "integrity": "sha512-YcOPFkpvO7haDD3fBijYdANqzGzngDTrCHreb//N8Smt43qyVRN768VYF/OviIvKZRWg7yBqW/r6hy08Erc5ZQ==",
      "requires": {
        "@magic/cli": "0.0.42",
        "@magic/error": "0.0.15",
        "@magic/fs": "0.0.26",
        "@magic/log": "0.1.16",
        "@magic/types": "0.1.21"
      }
    },
    "@grundstein/file-store": {
      "version": "git+ssh://git@github.com/grundstein/file-store.git#e3a330221ee1fc85161bd8492eb87d55413d6c2c",
      "from": "@grundstein/file-store@github:grundstein/file-store",
      "requires": {
        "@grundstein/mem-store": "github:grundstein/mem-store",
        "@magic/error": "0.0.14",
        "@magic/fs": "0.0.25",
        "@magic/log": "0.1.15",
        "@magic/mime-types": "0.0.15",
        "@magic/types": "0.1.20"
      },
      "dependencies": {
        "@magic/deep": {
          "version": "0.1.13",
          "resolved": "https://registry.npmjs.org/@magic/deep/-/deep-0.1.13.tgz",
          "integrity": "sha512-qWgUIzE0059V/bjBB9fcWWYltUaTVRXQimGtuhnh7Yl9NDAx3wrjSH8/FEuaVXmObAPbTygdgIoH1prvnFckJQ==",
          "requires": {
            "@magic/types": "0.1.20"
          }
        },
        "@magic/error": {
          "version": "0.0.14",
          "resolved": "https://registry.npmjs.org/@magic/error/-/error-0.0.14.tgz",
          "integrity": "sha512-gK2HdGbNkSrgjIs459KrnFPQIMLwyo3G6n+mquw3bb6vgCu9bnuqGkTadZZNN2FlMBMT+LV2Wcd3AYIB+gorew==",
          "requires": {
            "@magic/types": "0.1.20"
          }
        },
        "@magic/fs": {
          "version": "0.0.25",
          "resolved": "https://registry.npmjs.org/@magic/fs/-/fs-0.0.25.tgz",
          "integrity": "sha512-fz6HQ8x3s+1plllGSxNNBW4vHACjkMpgqz/pCcDmdU4EeyZGBoUnhkxg1yvLwe1TKRlX5BakPMAMzvNE891IWQ==",
          "requires": {
            "@magic/deep": "0.1.13",
            "@magic/error": "0.0.14",
            "@magic/log": "0.1.15",
            "@magic/mime-types": "0.0.15",
            "@magic/types": "0.1.20"
          }
        },
        "@magic/log": {
          "version": "0.1.15",
          "resolved": "https://registry.npmjs.org/@magic/log/-/log-0.1.15.tgz",
          "integrity": "sha512-dAGHBOrnRdFWarcPBM+lmC1EvnZCzX4MyNFmypM73mu9vTk2EDlYLZcubz88OK9mx2EX6Ioyh0NPCUO98aUw8w==",
          "requires": {
            "@magic/types": "0.1.20"
          }
        },
        "@magic/types": {
          "version": "0.1.20",
          "resolved": "https://registry.npmjs.org/@magic/types/-/types-0.1.20.tgz",
          "integrity": "sha512-YmUHQBP9b7QoQhmwyBXp7qtbdV7DzNh4jH8ENMf7JoKuuPxbze9JEPF3m3B/x7Di5O49vxG4/lx+d72EY7Zv3g=="
        }
      }
    },
    "@grundstein/gas": {
      "version": "0.0.2",
      "resolved": "https://registry.npmjs.org/@grundstein/gas/-/gas-0.0.2.tgz",
      "integrity": "sha512-JAa7aKPAhKWc27rbZBZDsZwg9SRVCywmHH6ChHTlBa45AkJTe8zU+QRZ1+mn+tInxDzVp5DtJEDGj9covSLooA==",
      "requires": {
        "@grundstein/commons": "0.0.9",
        "@grundstein/file-store": "github:grundstein/file-store"
      },
      "dependencies": {
        "@grundstein/commons": {
          "version": "0.0.9",
          "resolved": "https://registry.npmjs.org/@grundstein/commons/-/commons-0.0.9.tgz",
          "integrity": "sha512-ThjdAbxrl7KW5A0kBSiKNdNV2HYHwuEeYhhTslmOEB8P3Gst0v3pBGpFv4QNWk/Bcdfbp6Cs5lDVUovg8iFPLQ==",
          "requires": {
            "@magic/cli": "0.0.41",
            "@magic/error": "0.0.14",
            "@magic/fs": "0.0.25",
            "@magic/log": "0.1.15",
            "@magic/types": "0.1.20"
          }
        },
        "@magic/cli": {
          "version": "0.0.41",
          "resolved": "https://registry.npmjs.org/@magic/cli/-/cli-0.0.41.tgz",
          "integrity": "sha512-N0mMpCMrdFWlxuaDPQrlEPUakO6si2lb8aQNTKmDHeeOY9yxv+VRsxHdw9gLwlupQ7Ntok7+4RTgOIT1t8xLvQ==",
          "requires": {
            "@magic/cases": "0.0.8",
            "@magic/deep": "0.1.13",
            "@magic/error": "0.0.14",
            "@magic/log": "0.1.15",
            "@magic/types": "0.1.20"
          }
        },
        "@magic/deep": {
          "version": "0.1.13",
          "resolved": "https://registry.npmjs.org/@magic/deep/-/deep-0.1.13.tgz",
          "integrity": "sha512-qWgUIzE0059V/bjBB9fcWWYltUaTVRXQimGtuhnh7Yl9NDAx3wrjSH8/FEuaVXmObAPbTygdgIoH1prvnFckJQ==",
          "requires": {
            "@magic/types": "0.1.20"
          }
        },
        "@magic/error": {
          "version": "0.0.14",
          "resolved": "https://registry.npmjs.org/@magic/error/-/error-0.0.14.tgz",
          "integrity": "sha512-gK2HdGbNkSrgjIs459KrnFPQIMLwyo3G6n+mquw3bb6vgCu9bnuqGkTadZZNN2FlMBMT+LV2Wcd3AYIB+gorew==",
          "requires": {
            "@magic/types": "0.1.20"
          }
        },
        "@magic/fs": {
          "version": "0.0.25",
          "resolved": "https://registry.npmjs.org/@magic/fs/-/fs-0.0.25.tgz",
          "integrity": "sha512-fz6HQ8x3s+1plllGSxNNBW4vHACjkMpgqz/pCcDmdU4EeyZGBoUnhkxg1yvLwe1TKRlX5BakPMAMzvNE891IWQ==",
          "requires": {
            "@magic/deep": "0.1.13",
            "@magic/error": "0.0.14",
            "@magic/log": "0.1.15",
            "@magic/mime-types": "0.0.15",
            "@magic/types": "0.1.20"
          }
        },
        "@magic/log": {
          "version": "0.1.15",
          "resolved": "https://registry.npmjs.org/@magic/log/-/log-0.1.15.tgz",
          "integrity": "sha512-dAGHBOrnRdFWarcPBM+lmC1EvnZCzX4MyNFmypM73mu9vTk2EDlYLZcubz88OK9mx2EX6Ioyh0NPCUO98aUw8w==",
          "requires": {
            "@magic/types": "0.1.20"
          }
        },
        "@magic/types": {
          "version": "0.1.20",
          "resolved": "https://registry.npmjs.org/@magic/types/-/types-0.1.20.tgz",
          "integrity": "sha512-YmUHQBP9b7QoQhmwyBXp7qtbdV7DzNh4jH8ENMf7JoKuuPxbze9JEPF3m3B/x7Di5O49vxG4/lx+d72EY7Zv3g=="
        }
      }
    },
    "@grundstein/mem-store": {
      "version": "git+ssh://git@github.com/grundstein/mem-store.git#e1c89bf3bfff84141738e75a7706a528f1ca52dd",
      "from": "@grundstein/mem-store@github:grundstein/mem-store",
      "requires": {
        "@magic/error": "0.0.14",
        "@magic/types": "0.1.20"
      },
      "dependencies": {
        "@magic/error": {
          "version": "0.0.14",
          "resolved": "https://registry.npmjs.org/@magic/error/-/error-0.0.14.tgz",
          "integrity": "sha512-gK2HdGbNkSrgjIs459KrnFPQIMLwyo3G6n+mquw3bb6vgCu9bnuqGkTadZZNN2FlMBMT+LV2Wcd3AYIB+gorew==",
          "requires": {
            "@magic/types": "0.1.20"
          }
        },
        "@magic/types": {
          "version": "0.1.20",
          "resolved": "https://registry.npmjs.org/@magic/types/-/types-0.1.20.tgz",
          "integrity": "sha512-YmUHQBP9b7QoQhmwyBXp7qtbdV7DzNh4jH8ENMf7JoKuuPxbze9JEPF3m3B/x7Di5O49vxG4/lx+d72EY7Zv3g=="
        }
      }
    },
    "@magic/cases": {
      "version": "0.0.8",
      "resolved": "https://registry.npmjs.org/@magic/cases/-/cases-0.0.8.tgz",
      "integrity": "sha512-MFhFThRbR+LSZmvCMx6QCedDUYqtEuUF1BRxGv1hSVSPn6YpTJJ53GQOIpZKmvC9LbTRGxIvdsjM0Bk+CsVJyg=="
    },
    "@magic/cli": {
      "version": "0.0.42",
      "resolved": "https://registry.npmjs.org/@magic/cli/-/cli-0.0.42.tgz",
      "integrity": "sha512-iztUe521IpauY2F2Fr8oKuWKL03Vz7p9yOdetY0xDTOKNAxNZYbq4oVHkhrTZ7KXJS9QgVo9GScAlqHOjozR9w==",
      "requires": {
        "@magic/cases": "0.0.8",
        "@magic/deep": "0.1.14",
        "@magic/error": "0.0.15",
        "@magic/log": "0.1.16",
        "@magic/types": "0.1.21"
      }
    },
    "@magic/deep": {
      "version": "0.1.14",
      "resolved": "https://registry.npmjs.org/@magic/deep/-/deep-0.1.14.tgz",
      "integrity": "sha512-pYptInUUn7Bx0wbZ9EFhqyrCVydN/PUZqh5oM7usl7DzmjPoJ4RJ9ZuTIZ/5zrS+J15QvdU3RT9WvpveAwWdeg==",
      "requires": {
        "@magic/types": "0.1.21"
      }
    },
    "@magic/error": {
      "version": "0.0.15",
      "resolved": "https://registry.npmjs.org/@magic/error/-/error-0.0.15.tgz",
      "integrity": "sha512-+Ccu0p+uXLJOcea2ZJuM7NHBQSSq+QV1FMb5wlu3DUEsf1EmdX2a0ts6iYdU2F/2RoNkMXKgIchUZ7/BbLvPvQ==",
      "requires": {
        "@magic/types": "0.1.21"
      }
    },
    "@magic/format": {
      "version": "0.0.43",
      "resolved": "https://registry.npmjs.org/@magic/format/-/format-0.0.43.tgz",
      "integrity": "sha512-4rvT046IalU9iMSTHKHPbGTlB0FV2Mwjk9YU0OjdbvWCMHHfOLFWWDpmVfK1D756vIN/o0nz121kCFjX5yZKbQ==",
      "dev": true,
      "requires": {
        "@magic/cli": "0.0.43",
        "@magic/deep": "0.1.15",
        "@magic/fs": "0.0.27",
        "@magic/log": "0.1.17",
        "@magic/types": "0.1.22",
        "prettier": "2.7.1"
      },
      "dependencies": {
        "@magic/cli": {
          "version": "0.0.43",
          "resolved": "https://registry.npmjs.org/@magic/cli/-/cli-0.0.43.tgz",
          "integrity": "sha512-ZsFPSEWopGGPJkEONi5CchMepy2138dTde1Jtkvokiy89P1wsCT4qRybbTHSHDZMBqQhKYJjdFEloDxgQM+Hww==",
          "dev": true,
          "requires": {
            "@magic/cases": "0.0.8",
            "@magic/deep": "0.1.15",
            "@magic/error": "0.0.16",
            "@magic/log": "0.1.17",
            "@magic/types": "0.1.22"
          }
        },
        "@magic/deep": {
          "version": "0.1.15",
          "resolved": "https://registry.npmjs.org/@magic/deep/-/deep-0.1.15.tgz",
          "integrity": "sha512-M70xpxVPqAzuY0y59YywG7prxuY6PSFJKMi2WLUXVEKYf9osRFqIoztf5va1piFxe1vdethIFyQ/Njv70gN4NQ==",
          "dev": true,
          "requires": {
            "@magic/types": "0.1.22"
          }
        },
        "@magic/error": {
          "version": "0.0.16",
          "resolved": "https://registry.npmjs.org/@magic/error/-/error-0.0.16.tgz",
          "integrity": "sha512-ruVai8iTt888jjPIvCZFqLp5UZ2ZCzu5bfM8Z9DvH1ja+tqfqBri929tMdmYwvV4MqibE+bKi4xbmt6vHWogAg==",
          "dev": true,
          "requires": {
            "@magic/types": "0.1.22"
          }
        },
        "@magic/fs": {
          "version": "0.0.27",
          "resolved": "https://registry.npmjs.org/@magic/fs/-/fs-0.0.27.tgz",
          "integrity": "sha512-EZtnJR5vu1x211RqJRRTpkoDnFv25VjPpT6N2ZDC308FsBuqPrpYWDctrzxWWZJOSjXFxYNy2bF+ztfYEn+zcw==",
          "dev": true,
          "requires": {
            "@magic/deep": "0.1.15",
            "@magic/error": "0.0.16",
            "@magic/log": "0.1.17",
            "@magic/mime-types": "0.0.17",
            "@magic/types": "0.1.22"
          }
        },
        "@magic/log": {
          "version": "0.1.17",
          "resolved": "https://registry.npmjs.org/@magic/log/-/log-0.1.17.tgz",
          "integrity": "sha512-ioStCVGefkz+Ze9cyXsyfkoB75iusu0D6uZNxL04o26d6SLi+tq7Lr/ANaFg1A5pL+lCAebDw2Ldjn5naJg/uw==",
          "dev": true,
          "requires": {
            "@magic/types": "0.1.22"
          }
        },
        "@magic/mime-types": {
          "version": "0.0.17",
          "resolved": "https://registry.npmjs.org/@magic/mime-types/-/mime-types-0.0.17.tgz",
          "integrity": "sha512-Vr0ZoBHFBlfhf3lrDz0nVRRinKv9iI7wWCEiODU8i8xUTBB/8SzfoqT3vuvHKm4fRsH/YE1AfnnR9CAACuRvLw==",
          "dev": true
        },
        "@magic/types": {
          "version": "0.1.22",
          "resolved": "https://registry.npmjs.org/@magic/types/-/types-0.1.22.tgz",
          "integrity": "sha512-5jtRp+40j5D7+vSqXMQ81OTgTsY7gcKpp4+jOcgHLcMieXVTYi7SySfDmJKsVgSveUa46atGvchk/l7OqBr6BQ==",
          "dev": true
        }
      }
    },
    "@magic/fs": {
      "version": "0.0.26",
      "resolved": "https://registry.npmjs.org/@magic/fs/-/fs-0.0.26.tgz",
      "integrity": "sha512-WdmaKTSup9th3HqDSY/yw8IwOIr3fpON+aaXlAfC4dJ+oKnOVYcH88k7wDnMvqxTio/YrukxReqXzRA2/d3INg==",
      "requires": {
        "@magic/deep": "0.1.14",
        "@magic/error": "0.0.15",
        "@magic/log": "0.1.16",
        "@magic/mime-types": "0.0.16",
        "@magic/types": "0.1.21"
      },
      "dependencies": {
        "@magic/mime-types": {
          "version": "0.0.16",
          "resolved": "https://registry.npmjs.org/@magic/mime-types/-/mime-types-0.0.16.tgz",
          "integrity": "sha512-VMtgprPw3emEq1AHd/seQeJhknPdiX04xh1Gcr0YQpNuqgRP+8nmblGS0bRbDFR8JvKqfQIp5wQ2M1IJugaYkA=="
        }
      }
    },
    "@magic/log": {
      "version": "0.1.16",
      "resolved": "https://registry.npmjs.org/@magic/log/-/log-0.1.16.tgz",
      "integrity": "sha512-lrSiRZC4j83kGTznnHTJ7L4yJXkRgEJSKH6QWvnmipbFtEc2QWAlGTgKTUtu5oM4KnLK4v5BHwcWJdIvUH8scA==",
      "requires": {
        "@magic/types": "0.1.21"
      }
    },
    "@magic/mime-types": {
      "version": "0.0.15",
      "resolved": "https://registry.npmjs.org/@magic/mime-types/-/mime-types-0.0.15.tgz",
      "integrity": "sha512-dslsSNKZQkV6rbQKH7U6dtxxoxbZckbJZ61qpuQdEL3YdDvalKXwYZ49MzgiH3tQSYPmmSsezqXTIDKlvCCKXA=="
    },
    "@magic/types": {
      "version": "0.1.21",
      "resolved": "https://registry.npmjs.org/@magic/types/-/types-0.1.21.tgz",
      "integrity": "sha512-dlqv0ZtVKfTiy02HiY6t8KwNE5lwAyXNseS+ga9+aPsR4LM8TRM5Z6lnqvt3JDuPU0vGLJipkX+m1Kq2igAw3Q=="
    },
    "prettier": {
      "version": "2.7.1",
      "resolved": "https://registry.npmjs.org/prettier/-/prettier-2.7.1.tgz",
      "integrity": "sha512-ujppO+MkdPqoVINuDFDRLClm7D78qbDt0/NR+wp5FqEZOoTNAjPHWj17QRhu7geIHJfcNhRk1XVQmF8Bp3ye+g==",
      "dev": true
    }
  }
}
